
Microsoft Visual Studio Solution File, Format Version 12.00
# Visual Studio Version 17
VisualStudioVersion = 17.4.33213.308
MinimumVisualStudioVersion = 10.0.40219.1
Project("{FAE04EC0-301F-11D3-BF4B-00C04F79EFBC}") = "AutenticacionJWTMinimalAPI", "AutenticacionJWTMinimalAPI\AutenticacionJWTMinimalAPI.csproj", "{16283ED0-34F8-444F-B857-848A8BE2F479}"
EndProject
Global
	GlobalSection(SolutionConfigurationPlatforms) = preSolution
		Debug|Any CPU = Debug|Any CPU
		Release|Any CPU = Release|Any CPU
	EndGlobalSection
	GlobalSection(ProjectConfigurationPlatforms) = postSolution
		{16283ED0-34F8-444F-B857-848A8BE2F479}.Debug|Any CPU.ActiveCfg = Debug|Any CPU
		{16283ED0-34F8-444F-B857-848A8BE2F479}.Debug|Any CPU.Build.0 = Debug|Any CPU
		{16283ED0-34F8-444F-B857-848A8BE2F479}.Release|Any CPU.ActiveCfg = Release|Any CPU
		{16283ED0-34F8-444F-B857-848A8BE2F479}.Release|Any CPU.Build.0 = Release|Any CPU
	EndGlobalSection
	GlobalSection(SolutionProperties) = preSolution
		HideSolutionNode = FALSE
	EndGlobalSection
	GlobalSection(ExtensibilityGlobals) = postSolution
		SolutionGuid = {A684E8A7-530A-4947-8A73-B4F1D7AD91F8}
	EndGlobalSection
EndGlobal
