
Microsoft Visual Studio Solution File, Format Version 12.00
# Visual Studio Version 17
VisualStudioVersion = 17.4.33213.308
MinimumVisualStudioVersion = 10.0.40219.1
Project("{FAE04EC0-301F-11D3-BF4B-00C04F79EFBC}") = "SVLT.InventaryAPI", "SVLT.InventaryAPI\SVLT.InventaryAPI.csproj", "{E4ADB0AF-B70A-4C7D-9160-C21CF807B9AF}"
EndProject
Global
	GlobalSection(SolutionConfigurationPlatforms) = preSolution
		Debug|Any CPU = Debug|Any CPU
		Release|Any CPU = Release|Any CPU
	EndGlobalSection
	GlobalSection(ProjectConfigurationPlatforms) = postSolution
		{E4ADB0AF-B70A-4C7D-9160-C21CF807B9AF}.Debug|Any CPU.ActiveCfg = Debug|Any CPU
		{E4ADB0AF-B70A-4C7D-9160-C21CF807B9AF}.Debug|Any CPU.Build.0 = Debug|Any CPU
		{E4ADB0AF-B70A-4C7D-9160-C21CF807B9AF}.Release|Any CPU.ActiveCfg = Release|Any CPU
		{E4ADB0AF-B70A-4C7D-9160-C21CF807B9AF}.Release|Any CPU.Build.0 = Release|Any CPU
	EndGlobalSection
	GlobalSection(SolutionProperties) = preSolution
		HideSolutionNode = FALSE
	EndGlobalSection
	GlobalSection(ExtensibilityGlobals) = postSolution
		SolutionGuid = {860FAAD8-71B8-4FEB-BC8F-AC348FD70E19}
	EndGlobalSection
EndGlobal
